
Microsoft Visual Studio Solution File, Format Version 12.00
# Visual Studio Version 17
VisualStudioVersion = 17.1.32328.378
MinimumVisualStudioVersion = 10.0.40219.1
Project("{2150E333-8FDC-42A3-9474-1A3956D46DE8}") = "microservice", "microservice", "{70D5F049-8AB3-4817-836A-2AAC723216DC}"
EndProject
Project("{FAE04EC0-301F-11D3-BF4B-00C04F79EFBC}") = "ProductApi", "ProductApi\ProductApi.csproj", "{A8326E3A-B3CA-4B55-AD46-92E7D532EEDB}"
EndProject
Project("{FAE04EC0-301F-11D3-BF4B-00C04F79EFBC}") = "CustomerApi", "CustomerApi\CustomerApi.csproj", "{05B70628-31B3-4DE3-B359-7AAAC082E2C2}"
EndProject
Project("{FAE04EC0-301F-11D3-BF4B-00C04F79EFBC}") = "ApiGateway", "ApiGateway\ApiGateway.csproj", "{73D43565-B6EE-4AD2-821B-AB157C5E2B0A}"
EndProject
Global
	GlobalSection(SolutionConfigurationPlatforms) = preSolution
		Debug|Any CPU = Debug|Any CPU
		Release|Any CPU = Release|Any CPU
	EndGlobalSection
	GlobalSection(ProjectConfigurationPlatforms) = postSolution
		{A8326E3A-B3CA-4B55-AD46-92E7D532EEDB}.Debug|Any CPU.ActiveCfg = Debug|Any CPU
		{A8326E3A-B3CA-4B55-AD46-92E7D532EEDB}.Debug|Any CPU.Build.0 = Debug|Any CPU
		{A8326E3A-B3CA-4B55-AD46-92E7D532EEDB}.Release|Any CPU.ActiveCfg = Release|Any CPU
		{A8326E3A-B3CA-4B55-AD46-92E7D532EEDB}.Release|Any CPU.Build.0 = Release|Any CPU
		{05B70628-31B3-4DE3-B359-7AAAC082E2C2}.Debug|Any CPU.ActiveCfg = Debug|Any CPU
		{05B70628-31B3-4DE3-B359-7AAAC082E2C2}.Debug|Any CPU.Build.0 = Debug|Any CPU
		{05B70628-31B3-4DE3-B359-7AAAC082E2C2}.Release|Any CPU.ActiveCfg = Release|Any CPU
		{05B70628-31B3-4DE3-B359-7AAAC082E2C2}.Release|Any CPU.Build.0 = Release|Any CPU
		{73D43565-B6EE-4AD2-821B-AB157C5E2B0A}.Debug|Any CPU.ActiveCfg = Debug|Any CPU
		{73D43565-B6EE-4AD2-821B-AB157C5E2B0A}.Debug|Any CPU.Build.0 = Debug|Any CPU
		{73D43565-B6EE-4AD2-821B-AB157C5E2B0A}.Release|Any CPU.ActiveCfg = Release|Any CPU
		{73D43565-B6EE-4AD2-821B-AB157C5E2B0A}.Release|Any CPU.Build.0 = Release|Any CPU
	EndGlobalSection
	GlobalSection(SolutionProperties) = preSolution
		HideSolutionNode = FALSE
	EndGlobalSection
	GlobalSection(NestedProjects) = preSolution
		{A8326E3A-B3CA-4B55-AD46-92E7D532EEDB} = {70D5F049-8AB3-4817-836A-2AAC723216DC}
		{05B70628-31B3-4DE3-B359-7AAAC082E2C2} = {70D5F049-8AB3-4817-836A-2AAC723216DC}
		{73D43565-B6EE-4AD2-821B-AB157C5E2B0A} = {70D5F049-8AB3-4817-836A-2AAC723216DC}
	EndGlobalSection
	GlobalSection(ExtensibilityGlobals) = postSolution
		SolutionGuid = {67367963-740F-4E56-89E0-D271EDCCEDD6}
	EndGlobalSection
EndGlobal
